
Microsoft Visual Studio Solution File, Format Version 12.00
# Visual Studio Version 17
VisualStudioVersion = 17.7.34018.315
MinimumVisualStudioVersion = 10.0.40219.1
Project("{888888A0-9F3D-457C-B088-3A5042F75D52}") = "WakeMeUpWithWeather", "WakeMeUpWithWeather.pyproj", "{30C3559A-C30A-4CD4-AB79-CD2288155021}"
EndProject
Global
	GlobalSection(SolutionConfigurationPlatforms) = preSolution
		Debug|Any CPU = Debug|Any CPU
		Release|Any CPU = Release|Any CPU
	EndGlobalSection
	GlobalSection(ProjectConfigurationPlatforms) = postSolution
		{30C3559A-C30A-4CD4-AB79-CD2288155021}.Debug|Any CPU.ActiveCfg = Debug|Any CPU
		{30C3559A-C30A-4CD4-AB79-CD2288155021}.Release|Any CPU.ActiveCfg = Release|Any CPU
	EndGlobalSection
	GlobalSection(SolutionProperties) = preSolution
		HideSolutionNode = FALSE
	EndGlobalSection
	GlobalSection(ExtensibilityGlobals) = postSolution
		SolutionGuid = {7D39A66F-909C-4B4C-9D3C-178ADB0445AB}
	EndGlobalSection
EndGlobal
